
Microsoft Visual Studio Solution File, Format Version 12.00
# Visual Studio 15
VisualStudioVersion = 15.0.28307.1831
MinimumVisualStudioVersion = 10.0.40219.1
Project("{FAE04EC0-301F-11D3-BF4B-00C04F79EFBC}") = "Drawer Pack", "Drawer Pack\Drawer Pack.csproj", "{B1D4BB17-4577-4073-BB9C-D9932137340A}"
EndProject
Global
	GlobalSection(SolutionConfigurationPlatforms) = preSolution
		Debug|Any CPU = Debug|Any CPU
		Release|Any CPU = Release|Any CPU
	EndGlobalSection
	GlobalSection(ProjectConfigurationPlatforms) = postSolution
		{B1D4BB17-4577-4073-BB9C-D9932137340A}.Debug|Any CPU.ActiveCfg = Debug|Any CPU
		{B1D4BB17-4577-4073-BB9C-D9932137340A}.Debug|Any CPU.Build.0 = Debug|Any CPU
		{B1D4BB17-4577-4073-BB9C-D9932137340A}.Release|Any CPU.ActiveCfg = Release|Any CPU
		{B1D4BB17-4577-4073-BB9C-D9932137340A}.Release|Any CPU.Build.0 = Release|Any CPU
	EndGlobalSection
	GlobalSection(SolutionProperties) = preSolution
		HideSolutionNode = FALSE
	EndGlobalSection
	GlobalSection(ExtensibilityGlobals) = postSolution
		SolutionGuid = {75B7D96E-908F-4B1F-92E3-DACD51978AA8}
	EndGlobalSection
EndGlobal
